// !$*UTF8*$!
{
	archiveVersion = 1;
	classes = {
	};
	objectVersion = 50;
	objects = {

/* Begin PBXBuildFile section */
		0BD8A5BE22BBA9050016DE0F /* AppDelegate.swift in Sources */ = {isa = PBXBuildFile; fileRef = 0BD8A5BD22BBA9050016DE0F /* AppDelegate.swift */; };
		0BD8A5C022BBA9050016DE0F /* ViewController.swift in Sources */ = {isa = PBXBuildFile; fileRef = 0BD8A5BF22BBA9050016DE0F /* ViewController.swift */; };
		0BD8A5C322BBA9050016DE0F /* Main.storyboard in Resources */ = {isa = PBXBuildFile; fileRef = 0BD8A5C122BBA9050016DE0F /* Main.storyboard */; };
		0BD8A5C522BBA9060016DE0F /* Assets.xcassets in Resources */ = {isa = PBXBuildFile; fileRef = 0BD8A5C422BBA9060016DE0F /* Assets.xcassets */; };
		0BD8A5C822BBA9060016DE0F /* LaunchScreen.storyboard in Resources */ = {isa = PBXBuildFile; fileRef = 0BD8A5C622BBA9060016DE0F /* LaunchScreen.storyboard */; };
		0BD8A5D322BBA9070016DE0F /* TextyTests.swift in Sources */ = {isa = PBXBuildFile; fileRef = 0BD8A5D222BBA9070016DE0F /* TextyTests.swift */; };
		0BD8A5DE22BBA9070016DE0F /* TextyUITests.swift in Sources */ = {isa = PBXBuildFile; fileRef = 0BD8A5DD22BBA9070016DE0F /* TextyUITests.swift */; };
/* End PBXBuildFile section */

/* Begin PBXContainerItemProxy section */
		0BD8A5CF22BBA9070016DE0F /* PBXContainerItemProxy */ = {
			isa = PBXContainerItemProxy;
			containerPortal = 0BD8A5B222BBA9050016DE0F /* Project object */;
			proxyType = 1;
			remoteGlobalIDString = 0BD8A5B922BBA9050016DE0F;
			remoteInfo = Texty;
		};
		0BD8A5DA22BBA9070016DE0F /* PBXContainerItemProxy */ = {
			isa = PBXContainerItemProxy;
			containerPortal = 0BD8A5B222BBA9050016DE0F /* Project object */;
			proxyType = 1;
			remoteGlobalIDString = 0BD8A5B922BBA9050016DE0F;
			remoteInfo = Texty;
		};
/* End PBXContainerItemProxy section */

/* Begin PBXFileReference section */
		0BD8A5BA22BBA9050016DE0F /* Texty.app */ = {isa = PBXFileReference; explicitFileType = wrapper.application; includeInIndex = 0; path = Texty.app; sourceTree = BUILT_PRODUCTS_DIR; };
		0BD8A5BD22BBA9050016DE0F /* AppDelegate.swift */ = {isa = PBXFileReference; lastKnownFileType = sourcecode.swift; path = AppDelegate.swift; sourceTree = "<group>"; };
		0BD8A5BF22BBA9050016DE0F /* ViewController.swift */ = {isa = PBXFileReference; lastKnownFileType = sourcecode.swift; path = ViewController.swift; sourceTree = "<group>"; };
		0BD8A5C222BBA9050016DE0F /* Base */ = {isa = PBXFileReference; lastKnownFileType = file.storyboard; name = Base; path = Base.lproj/Main.storyboard; sourceTree = "<group>"; };
		0BD8A5C422BBA9060016DE0F /* Assets.xcassets */ = {isa = PBXFileReference; lastKnownFileType = folder.assetcatalog; path = Assets.xcassets; sourceTree = "<group>"; };
		0BD8A5C722BBA9060016DE0F /* Base */ = {isa = PBXFileReference; lastKnownFileType = file.storyboard; name = Base; path = Base.lproj/LaunchScreen.storyboard; sourceTree = "<group>"; };
		0BD8A5C922BBA9060016DE0F /* Info.plist */ = {isa = PBXFileReference; lastKnownFileType = text.plist.xml; path = Info.plist; sourceTree = "<group>"; };
		0BD8A5CE22BBA9070016DE0F /* TextyTests.xctest */ = {isa = PBXFileReference; explicitFileType = wrapper.cfbundle; includeInIndex = 0; path = TextyTests.xctest; sourceTree = BUILT_PRODUCTS_DIR; };
		0BD8A5D222BBA9070016DE0F /* TextyTests.swift */ = {isa = PBXFileReference; lastKnownFileType = sourcecode.swift; path = TextyTests.swift; sourceTree = "<group>"; };
		0BD8A5D422BBA9070016DE0F /* Info.plist */ = {isa = PBXFileReference; lastKnownFileType = text.plist.xml; path = Info.plist; sourceTree = "<group>"; };
		0BD8A5D922BBA9070016DE0F /* TextyUITests.xctest */ = {isa = PBXFileReference; explicitFileType = wrapper.cfbundle; includeInIndex = 0; path = TextyUITests.xctest; sourceTree = BUILT_PRODUCTS_DIR; };
		0BD8A5DD22BBA9070016DE0F /* TextyUITests.swift */ = {isa = PBXFileReference; lastKnownFileType = sourcecode.swift; path = TextyUITests.swift; sourceTree = "<group>"; };
		0BD8A5DF22BBA9070016DE0F /* Info.plist */ = {isa = PBXFileReference; lastKnownFileType = text.plist.xml; path = Info.plist; sourceTree = "<group>"; };
/* End PBXFileReference section */

/* Begin PBXFrameworksBuildPhase section */
		0BD8A5B722BBA9050016DE0F /* Frameworks */ = {
			isa = PBXFrameworksBuildPhase;
			buildActionMask = 2147483647;
			files = (
			);
			runOnlyForDeploymentPostprocessing = 0;
		};
		0BD8A5CB22BBA9070016DE0F /* Frameworks */ = {
			isa = PBXFrameworksBuildPhase;
			buildActionMask = 2147483647;
			files = (
			);
			runOnlyForDeploymentPostprocessing = 0;
		};
		0BD8A5D622BBA9070016DE0F /* Frameworks */ = {
			isa = PBXFrameworksBuildPhase;
			buildActionMask = 2147483647;
			files = (
			);
			runOnlyForDeploymentPostprocessing = 0;
		};
/* End PBXFrameworksBuildPhase section */

/* Begin PBXGroup section */
		0BD8A5B122BBA9050016DE0F = {
			isa = PBXGroup;
			children = (
				0BD8A5BC22BBA9050016DE0F /* Texty */,
				0BD8A5D122BBA9070016DE0F /* TextyTests */,
				0BD8A5DC22BBA9070016DE0F /* TextyUITests */,
				0BD8A5BB22BBA9050016DE0F /* Products */,
			);
			sourceTree = "<group>";
		};
		0BD8A5BB22BBA9050016DE0F /* Products */ = {
			isa = PBXGroup;
			children = (
				0BD8A5BA22BBA9050016DE0F /* Texty.app */,
				0BD8A5CE22BBA9070016DE0F /* TextyTests.xctest */,
				0BD8A5D922BBA9070016DE0F /* TextyUITests.xctest */,
			);
			name = Products;
			sourceTree = "<group>";
		};
		0BD8A5BC22BBA9050016DE0F /* Texty */ = {
			isa = PBXGroup;
			children = (
				0BD8A5BD22BBA9050016DE0F /* AppDelegate.swift */,
				0BD8A5BF22BBA9050016DE0F /* ViewController.swift */,
				0BD8A5C122BBA9050016DE0F /* Main.storyboard */,
				0BD8A5C422BBA9060016DE0F /* Assets.xcassets */,
				0BD8A5C622BBA9060016DE0F /* LaunchScreen.storyboard */,
				0BD8A5C922BBA9060016DE0F /* Info.plist */,
			);
			path = Texty;
			sourceTree = "<group>";
		};
		0BD8A5D122BBA9070016DE0F /* TextyTests */ = {
			isa = PBXGroup;
			children = (
				0BD8A5D222BBA9070016DE0F /* TextyTests.swift */,
				0BD8A5D422BBA9070016DE0F /* Info.plist */,
			);
			path = TextyTests;
			sourceTree = "<group>";
		};
		0BD8A5DC22BBA9070016DE0F /* TextyUITests */ = {
			isa = PBXGroup;
			children = (
				0BD8A5DD22BBA9070016DE0F /* TextyUITests.swift */,
				0BD8A5DF22BBA9070016DE0F /* Info.plist */,
			);
			path = TextyUITests;
			sourceTree = "<group>";
		};
/* End PBXGroup section */

/* Begin PBXNativeTarget section */
		0BD8A5B922BBA9050016DE0F /* Texty */ = {
			isa = PBXNativeTarget;
			buildConfigurationList = 0BD8A5E222BBA9070016DE0F /* Build configuration list for PBXNativeTarget "Texty" */;
			buildPhases = (
				0BD8A5B622BBA9050016DE0F /* Sources */,
				0BD8A5B722BBA9050016DE0F /* Frameworks */,
				0BD8A5B822BBA9050016DE0F /* Resources */,
			);
			buildRules = (
			);
			dependencies = (
			);
			name = Texty;
			productName = Texty;
			productReference = 0BD8A5BA22BBA9050016DE0F /* Texty.app */;
			productType = "com.apple.product-type.application";
		};
		0BD8A5CD22BBA9070016DE0F /* TextyTests */ = {
			isa = PBXNativeTarget;
			buildConfigurationList = 0BD8A5E522BBA9070016DE0F /* Build configuration list for PBXNativeTarget "TextyTests" */;
			buildPhases = (
				0BD8A5CA22BBA9070016DE0F /* Sources */,
				0BD8A5CB22BBA9070016DE0F /* Frameworks */,
				0BD8A5CC22BBA9070016DE0F /* Resources */,
			);
			buildRules = (
			);
			dependencies = (
				0BD8A5D022BBA9070016DE0F /* PBXTargetDependency */,
			);
			name = TextyTests;
			productName = TextyTests;
			productReference = 0BD8A5CE22BBA9070016DE0F /* TextyTests.xctest */;
			productType = "com.apple.product-type.bundle.unit-test";
		};
		0BD8A5D822BBA9070016DE0F /* TextyUITests */ = {
			isa = PBXNativeTarget;
			buildConfigurationList = 0BD8A5E822BBA9070016DE0F /* Build configuration list for PBXNativeTarget "TextyUITests" */;
			buildPhases = (
				0BD8A5D522BBA9070016DE0F /* Sources */,
				0BD8A5D622BBA9070016DE0F /* Frameworks */,
				0BD8A5D722BBA9070016DE0F /* Resources */,
			);
			buildRules = (
			);
			dependencies = (
				0BD8A5DB22BBA9070016DE0F /* PBXTargetDependency */,
			);
			name = TextyUITests;
			productName = TextyUITests;
			productReference = 0BD8A5D922BBA9070016DE0F /* TextyUITests.xctest */;
			productType = "com.apple.product-type.bundle.ui-testing";
		};
/* End PBXNativeTarget section */

/* Begin PBXProject section */
		0BD8A5B222BBA9050016DE0F /* Project object */ = {
			isa = PBXProject;
			attributes = {
				LastSwiftUpdateCheck = 1020;
				LastUpgradeCheck = 1020;
				ORGANIZATIONNAME = "Torge Adelin";
				TargetAttributes = {
					0BD8A5B922BBA9050016DE0F = {
						CreatedOnToolsVersion = 10.2.1;
					};
					0BD8A5CD22BBA9070016DE0F = {
						CreatedOnToolsVersion = 10.2.1;
						TestTargetID = 0BD8A5B922BBA9050016DE0F;
					};
					0BD8A5D822BBA9070016DE0F = {
						CreatedOnToolsVersion = 10.2.1;
						TestTargetID = 0BD8A5B922BBA9050016DE0F;
					};
				};
			};
			buildConfigurationList = 0BD8A5B522BBA9050016DE0F /* Build configuration list for PBXProject "Texty" */;
			compatibilityVersion = "Xcode 9.3";
			developmentRegion = en;
			hasScannedForEncodings = 0;
			knownRegions = (
				en,
				Base,
			);
			mainGroup = 0BD8A5B122BBA9050016DE0F;
			productRefGroup = 0BD8A5BB22BBA9050016DE0F /* Products */;
			projectDirPath = "";
			projectRoot = "";
			targets = (
				0BD8A5B922BBA9050016DE0F /* Texty */,
				0BD8A5CD22BBA9070016DE0F /* TextyTests */,
				0BD8A5D822BBA9070016DE0F /* TextyUITests */,
			);
		};
/* End PBXProject section */

/* Begin PBXResourcesBuildPhase section */
		0BD8A5B822BBA9050016DE0F /* Resources */ = {
			isa = PBXResourcesBuildPhase;
			buildActionMask = 2147483647;
			files = (
				0BD8A5C822BBA9060016DE0F /* LaunchScreen.storyboard in Resources */,
				0BD8A5C522BBA9060016DE0F /* Assets.xcassets in Resources */,
				0BD8A5C322BBA9050016DE0F /* Main.storyboard in Resources */,
			);
			runOnlyForDeploymentPostprocessing = 0;
		};
		0BD8A5CC22BBA9070016DE0F /* Resources */ = {
			isa = PBXResourcesBuildPhase;
			buildActionMask = 2147483647;
			files = (
			);
			runOnlyForDeploymentPostprocessing = 0;
		};
		0BD8A5D722BBA9070016DE0F /* Resources */ = {
			isa = PBXResourcesBuildPhase;
			buildActionMask = 2147483647;
			files = (
			);
			runOnlyForDeploymentPostprocessing = 0;
		};
/* End PBXResourcesBuildPhase section */

/* Begin PBXSourcesBuildPhase section */
		0BD8A5B622BBA9050016DE0F /* Sources */ = {
			isa = PBXSourcesBuildPhase;
			buildActionMask = 2147483647;
			files = (
				0BD8A5C022BBA9050016DE0F /* ViewController.swift in Sources */,
				0BD8A5BE22BBA9050016DE0F /* AppDelegate.swift in Sources */,
			);
			runOnlyForDeploymentPostprocessing = 0;
		};
		0BD8A5CA22BBA9070016DE0F /* Sources */ = {
			isa = PBXSourcesBuildPhase;
			buildActionMask = 2147483647;
			files = (
				0BD8A5D322BBA9070016DE0F /* TextyTests.swift in Sources */,
			);
			runOnlyForDeploymentPostprocessing = 0;
		};
		0BD8A5D522BBA9070016DE0F /* Sources */ = {
			isa = PBXSourcesBuildPhase;
			buildActionMask = 2147483647;
			files = (
				0BD8A5DE22BBA9070016DE0F /* TextyUITests.swift in Sources */,
			);
			runOnlyForDeploymentPostprocessing = 0;
		};
/* End PBXSourcesBuildPhase section */

/* Begin PBXTargetDependency section */
		0BD8A5D022BBA9070016DE0F /* PBXTargetDependency */ = {
			isa = PBXTargetDependency;
			target = 0BD8A5B922BBA9050016DE0F /* Texty */;
			targetProxy = 0BD8A5CF22BBA9070016DE0F /* PBXContainerItemProxy */;
		};
		0BD8A5DB22BBA9070016DE0F /* PBXTargetDependency */ = {
			isa = PBXTargetDependency;
			target = 0BD8A5B922BBA9050016DE0F /* Texty */;
			targetProxy = 0BD8A5DA22BBA9070016DE0F /* PBXContainerItemProxy */;
		};
/* End PBXTargetDependency section */

/* Begin PBXVariantGroup section */
		0BD8A5C122BBA9050016DE0F /* Main.storyboard */ = {
			isa = PBXVariantGroup;
			children = (
				0BD8A5C222BBA9050016DE0F /* Base */,
			);
			name = Main.storyboard;
			sourceTree = "<group>";
		};
		0BD8A5C622BBA9060016DE0F /* LaunchScreen.storyboard */ = {
			isa = PBXVariantGroup;
			children = (
				0BD8A5C722BBA9060016DE0F /* Base */,
			);
			name = LaunchScreen.storyboard;
			sourceTree = "<group>";
		};
/* End PBXVariantGroup section */

/* Begin XCBuildConfiguration section */
		0BD8A5E022BBA9070016DE0F /* Debug */ = {
			isa = XCBuildConfiguration;
			buildSettings = {
				ALWAYS_SEARCH_USER_PATHS = NO;
				CLANG_ANALYZER_NONNULL = YES;
				CLANG_ANALYZER_NUMBER_OBJECT_CONVERSION = YES_AGGRESSIVE;
				CLANG_CXX_LANGUAGE_STANDARD = "gnu++14";
				CLANG_CXX_LIBRARY = "libc++";
				CLANG_ENABLE_MODULES = YES;
				CLANG_ENABLE_OBJC_ARC = YES;
				CLANG_ENABLE_OBJC_WEAK = YES;
				CLANG_WARN_BLOCK_CAPTURE_AUTORELEASING = YES;
				CLANG_WARN_BOOL_CONVERSION = YES;
				CLANG_WARN_COMMA = YES;
				CLANG_WARN_CONSTANT_CONVERSION = YES;
				CLANG_WARN_DEPRECATED_OBJC_IMPLEMENTATIONS = YES;
				CLANG_WARN_DIRECT_OBJC_ISA_USAGE = YES_ERROR;
				CLANG_WARN_DOCUMENTATION_COMMENTS = YES;
				CLANG_WARN_EMPTY_BODY = YES;
				CLANG_WARN_ENUM_CONVERSION = YES;
				CLANG_WARN_INFINITE_RECURSION = YES;
				CLANG_WARN_INT_CONVERSION = YES;
				CLANG_WARN_NON_LITERAL_NULL_CONVERSION = YES;
				CLANG_WARN_OBJC_IMPLICIT_RETAIN_SELF = YES;
				CLANG_WARN_OBJC_LITERAL_CONVERSION = YES;
				CLANG_WARN_OBJC_ROOT_CLASS = YES_ERROR;
				CLANG_WARN_RANGE_LOOP_ANALYSIS = YES;
				CLANG_WARN_STRICT_PROTOTYPES = YES;
				CLANG_WARN_SUSPICIOUS_MOVE = YES;
				CLANG_WARN_UNGUARDED_AVAILABILITY = YES_AGGRESSIVE;
				CLANG_WARN_UNREACHABLE_CODE = YES;
				CLANG_WARN__DUPLICATE_METHOD_MATCH = YES;
				CODE_SIGN_IDENTITY = "iPhone Developer";
				COPY_PHASE_STRIP = NO;
				DEBUG_INFORMATION_FORMAT = dwarf;
				ENABLE_STRICT_OBJC_MSGSEND = YES;
				ENABLE_TESTABILITY = YES;
				GCC_C_LANGUAGE_STANDARD = gnu11;
				GCC_DYNAMIC_NO_PIC = NO;
				GCC_NO_COMMON_BLOCKS = YES;
				GCC_OPTIMIZATION_LEVEL = 0;
				GCC_PREPROCESSOR_DEFINITIONS = (
					"DEBUG=1",
					"$(inherited)",
				);
				GCC_WARN_64_TO_32_BIT_CONVERSION = YES;
				GCC_WARN_ABOUT_RETURN_TYPE = YES_ERROR;
				GCC_WARN_UNDECLARED_SELECTOR = YES;
				GCC_WARN_UNINITIALIZED_AUTOS = YES_AGGRESSIVE;
				GCC_WARN_UNUSED_FUNCTION = YES;
				GCC_WARN_UNUSED_VARIABLE = YES;
				IPHONEOS_DEPLOYMENT_TARGET = 12.2;
				MTL_ENABLE_DEBUG_INFO = INCLUDE_SOURCE;
				MTL_FAST_MATH = YES;
				ONLY_ACTIVE_ARCH = YES;
				SDKROOT = iphoneos;
				SWIFT_ACTIVE_COMPILATION_CONDITIONS = DEBUG;
				SWIFT_OPTIMIZATION_LEVEL = "-Onone";
			};
			name = Debug;
		};
		0BD8A5E122BBA9070016DE0F /* Release */ = {
			isa = XCBuildConfiguration;
			buildSettings = {
				ALWAYS_SEARCH_USER_PATHS = NO;
				CLANG_ANALYZER_NONNULL = YES;
				CLANG_ANALYZER_NUMBER_OBJECT_CONVERSION = YES_AGGRESSIVE;
				CLANG_CXX_LANGUAGE_STANDARD = "gnu++14";
				CLANG_CXX_LIBRARY = "libc++";
				CLANG_ENABLE_MODULES = YES;
				CLANG_ENABLE_OBJC_ARC = YES;
				CLANG_ENABLE_OBJC_WEAK = YES;
				CLANG_WARN_BLOCK_CAPTURE_AUTORELEASING = YES;
				CLANG_WARN_BOOL_CONVERSION = YES;
				CLANG_WARN_COMMA = YES;
				CLANG_WARN_CONSTANT_CONVERSION = YES;
				CLANG_WARN_DEPRECATED_OBJC_IMPLEMENTATIONS = YES;
				CLANG_WARN_DIRECT_OBJC_ISA_USAGE = YES_ERROR;
				CLANG_WARN_DOCUMENTATION_COMMENTS = YES;
				CLANG_WARN_EMPTY_BODY = YES;
				CLANG_WARN_ENUM_CONVERSION = YES;
				CLANG_WARN_INFINITE_RECURSION = YES;
				CLANG_WARN_INT_CONVERSION = YES;
				CLANG_WARN_NON_LITERAL_NULL_CONVERSION = YES;
				CLANG_WARN_OBJC_IMPLICIT_RETAIN_SELF = YES;
				CLANG_WARN_OBJC_LITERAL_CONVERSION = YES;
				CLANG_WARN_OBJC_ROOT_CLASS = YES_ERROR;
				CLANG_WARN_RANGE_LOOP_ANALYSIS = YES;
				CLANG_WARN_STRICT_PROTOTYPES = YES;
				CLANG_WARN_SUSPICIOUS_MOVE = YES;
				CLANG_WARN_UNGUARDED_AVAILABILITY = YES_AGGRESSIVE;
				CLANG_WARN_UNREACHABLE_CODE = YES;
				CLANG_WARN__DUPLICATE_METHOD_MATCH = YES;
				CODE_SIGN_IDENTITY = "iPhone Developer";
				COPY_PHASE_STRIP = NO;
				DEBUG_INFORMATION_FORMAT = "dwarf-with-dsym";
				ENABLE_NS_ASSERTIONS = NO;
				ENABLE_STRICT_OBJC_MSGSEND = YES;
				GCC_C_LANGUAGE_STANDARD = gnu11;
				GCC_NO_COMMON_BLOCKS = YES;
				GCC_WARN_64_TO_32_BIT_CONVERSION = YES;
				GCC_WARN_ABOUT_RETURN_TYPE = YES_ERROR;
				GCC_WARN_UNDECLARED_SELECTOR = YES;
				GCC_WARN_UNINITIALIZED_AUTOS = YES_AGGRESSIVE;
				GCC_WARN_UNUSED_FUNCTION = YES;
				GCC_WARN_UNUSED_VARIABLE = YES;
				IPHONEOS_DEPLOYMENT_TARGET = 12.2;
				MTL_ENABLE_DEBUG_INFO = NO;
				MTL_FAST_MATH = YES;
				SDKROOT = iphoneos;
				SWIFT_COMPILATION_MODE = wholemodule;
				SWIFT_OPTIMIZATION_LEVEL = "-O";
				VALIDATE_PRODUCT = YES;
			};
			name = Release;
		};
		0BD8A5E322BBA9070016DE0F /* Debug */ = {
			isa = XCBuildConfiguration;
			buildSettings = {
				ASSETCATALOG_COMPILER_APPICON_NAME = AppIcon;
				CODE_SIGN_STYLE = Automatic;
				DEVELOPMENT_TEAM = 6C75DBD4UC;
				INFOPLIST_FILE = Texty/Info.plist;
				LD_RUNPATH_SEARCH_PATHS = (
					"$(inherited)",
					"@executable_path/Frameworks",
				);
				PRODUCT_BUNDLE_IDENTIFIER = com.thegraphictribe.Texty;
				PRODUCT_NAME = "$(TARGET_NAME)";
				SWIFT_VERSION = 5.0;
				TARGETED_DEVICE_FAMILY = "1,2";
			};
			name = Debug;
		};
		0BD8A5E422BBA9070016DE0F /* Release */ = {
			isa = XCBuildConfiguration;
			buildSettings = {
				ASSETCATALOG_COMPILER_APPICON_NAME = AppIcon;
				CODE_SIGN_STYLE = Automatic;
				DEVELOPMENT_TEAM = 6C75DBD4UC;
				INFOPLIST_FILE = Texty/Info.plist;
				LD_RUNPATH_SEARCH_PATHS = (
					"$(inherited)",
					"@executable_path/Frameworks",
				);
				PRODUCT_BUNDLE_IDENTIFIER = com.thegraphictribe.Texty;
				PRODUCT_NAME = "$(TARGET_NAME)";
				SWIFT_VERSION = 5.0;
				TARGETED_DEVICE_FAMILY = "1,2";
			};
			name = Release;
		};
		0BD8A5E622BBA9070016DE0F /* Debug */ = {
			isa = XCBuildConfiguration;
			buildSettings = {
				ALWAYS_EMBED_SWIFT_STANDARD_LIBRARIES = YES;
				BUNDLE_LOADER = "$(TEST_HOST)";
				CODE_SIGN_STYLE = Automatic;
				DEVELOPMENT_TEAM = 6C75DBD4UC;
				INFOPLIST_FILE = TextyTests/Info.plist;
				LD_RUNPATH_SEARCH_PATHS = (
					"$(inherited)",
					"@executable_path/Frameworks",
					"@loader_path/Frameworks",
				);
				PRODUCT_BUNDLE_IDENTIFIER = com.thegraphictribe.TextyTests;
				PRODUCT_NAME = "$(TARGET_NAME)";
				SWIFT_VERSION = 5.0;
				TARGETED_DEVICE_FAMILY = "1,2";
				TEST_HOST = "$(BUILT_PRODUCTS_DIR)/Texty.app/Texty";
			};
			name = Debug;
		};
		0BD8A5E722BBA9070016DE0F /* Release */ = {
			isa = XCBuildConfiguration;
			buildSettings = {
				ALWAYS_EMBED_SWIFT_STANDARD_LIBRARIES = YES;
				BUNDLE_LOADER = "$(TEST_HOST)";
				CODE_SIGN_STYLE = Automatic;
				DEVELOPMENT_TEAM = 6C75DBD4UC;
				INFOPLIST_FILE = TextyTests/Info.plist;
				LD_RUNPATH_SEARCH_PATHS = (
					"$(inherited)",
					"@executable_path/Frameworks",
					"@loader_path/Frameworks",
				);
				PRODUCT_BUNDLE_IDENTIFIER = com.thegraphictribe.TextyTests;
				PRODUCT_NAME = "$(TARGET_NAME)";
				SWIFT_VERSION = 5.0;
				TARGETED_DEVICE_FAMILY = "1,2";
				TEST_HOST = "$(BUILT_PRODUCTS_DIR)/Texty.app/Texty";
			};
			name = Release;
		};
		0BD8A5E922BBA9070016DE0F /* Debug */ = {
			isa = XCBuildConfiguration;
			buildSettings = {
				ALWAYS_EMBED_SWIFT_STANDARD_LIBRARIES = YES;
				CODE_SIGN_STYLE = Automatic;
				DEVELOPMENT_TEAM = 6C75DBD4UC;
				INFOPLIST_FILE = TextyUITests/Info.plist;
				LD_RUNPATH_SEARCH_PATHS = (
					"$(inherited)",
					"@executable_path/Frameworks",
					"@loader_path/Frameworks",
				);
				PRODUCT_BUNDLE_IDENTIFIER = com.thegraphictribe.TextyUITests;
				PRODUCT_NAME = "$(TARGET_NAME)";
				SWIFT_VERSION = 5.0;
				TARGETED_DEVICE_FAMILY = "1,2";
				TEST_TARGET_NAME = Texty;
			};
			name = Debug;
		};
		0BD8A5EA22BBA9070016DE0F /* Release */ = {
			isa = XCBuildConfiguration;
			buildSettings = {
				ALWAYS_EMBED_SWIFT_STANDARD_LIBRARIES = YES;
				CODE_SIGN_STYLE = Automatic;
				DEVELOPMENT_TEAM = 6C75DBD4UC;
				INFOPLIST_FILE = TextyUITests/Info.plist;
				LD_RUNPATH_SEARCH_PATHS = (
					"$(inherited)",
					"@executable_path/Frameworks",
					"@loader_path/Frameworks",
				);
				PRODUCT_BUNDLE_IDENTIFIER = com.thegraphictribe.TextyUITests;
				PRODUCT_NAME = "$(TARGET_NAME)";
				SWIFT_VERSION = 5.0;
				TARGETED_DEVICE_FAMILY = "1,2";
				TEST_TARGET_NAME = Texty;
			};
			name = Release;
		};
/* End XCBuildConfiguration section */

/* Begin XCConfigurationList section */
		0BD8A5B522BBA9050016DE0F /* Build configuration list for PBXProject "Texty" */ = {
			isa = XCConfigurationList;
			buildConfigurations = (
				0BD8A5E022BBA9070016DE0F /* Debug */,
				0BD8A5E122BBA9070016DE0F /* Release */,
			);
			defaultConfigurationIsVisible = 0;
			defaultConfigurationName = Release;
		};
		0BD8A5E222BBA9070016DE0F /* Build configuration list for PBXNativeTarget "Texty" */ = {
			isa = XCConfigurationList;
			buildConfigurations = (
				0BD8A5E322BBA9070016DE0F /* Debug */,
				0BD8A5E422BBA9070016DE0F /* Release */,
			);
			defaultConfigurationIsVisible = 0;
			defaultConfigurationName = Release;
		};
		0BD8A5E522BBA9070016DE0F /* Build configuration list for PBXNativeTarget "TextyTests" */ = {
			isa = XCConfigurationList;
			buildConfigurations = (
				0BD8A5E622BBA9070016DE0F /* Debug */,
				0BD8A5E722BBA9070016DE0F /* Release */,
			);
			defaultConfigurationIsVisible = 0;
			defaultConfigurationName = Release;
		};
		0BD8A5E822BBA9070016DE0F /* Build configuration list for PBXNativeTarget "TextyUITests" */ = {
			isa = XCConfigurationList;
			buildConfigurations = (
				0BD8A5E922BBA9070016DE0F /* Debug */,
				0BD8A5EA22BBA9070016DE0F /* Release */,
			);
			defaultConfigurationIsVisible = 0;
			defaultConfigurationName = Release;
		};
/* End XCConfigurationList section */
	};
	rootObject = 0BD8A5B222BBA9050016DE0F /* Project object */;
}
